<?xml version="1.0" encoding="utf-8"?>
<Project ToolsVersion="4.0" xmlns="http://schemas.microsoft.com/developer/msbuild/2003">
  <ItemGroup>
    <ClCompile Include="src\main.cpp" />
    <ClCompile Include="src\Implementations\Actor\Actor.cpp">
      <Filter>Implementations\Actor</Filter>
    </ClCompile>
    <ClCompile Include="src\Implementations\Interface\Widget\Widget.cpp">
      <Filter>Implementations\Interface</Filter>
    </ClCompile>
    <ClCompile Include="src\Implementations\Interface\Widget\Button\Button.cpp">
      <Filter>Implementations\Interface\Widget\Button</Filter>
    </ClCompile>
    <ClCompile Include="src\Implementations\Interface\Widget\Scoreboard\Scoreboard.cpp">
      <Filter>Implementations\Interface\Widget\Scoreboard</Filter>
    </ClCompile>
    <ClCompile Include="src\Implementations\Flipbook\Flipbook.cpp">
      <Filter>Implementations\Flipbook</Filter>
    </ClCompile>
    <ClCompile Include="src\Implementations\Interface\Widget\Bar\Bar.cpp">
      <Filter>Implementations\Interface\Widget\Bar</Filter>
    </ClCompile>
    <ClCompile Include="src\Implementations\Tables\FontTable.cpp">
      <Filter>Implementations\Tables</Filter>
    </ClCompile>
    <ClCompile Include="src\Implementations\Interface\Widget\Icon\Icon.cpp">
      <Filter>Implementations\Interface\Widget\Icon</Filter>
    </ClCompile>
    <ClCompile Include="src\Implementations\Interface\Menu\Menu.cpp">
      <Filter>Implementations\Interface\Menu</Filter>
    </ClCompile>
    <ClCompile Include="src\Implementations\Interface\Menu\MenuPage.cpp">
      <Filter>Implementations\Interface\Menu</Filter>
    </ClCompile>
    <ClCompile Include="src\Implementations\LuaScript\LuaScript.cpp">
      <Filter>Implementations\LuaScript</Filter>
    </ClCompile>
    <ClCompile Include="src\Implementations\Scene\Level.cpp">
      <Filter>Implementations\Scene</Filter>
    </ClCompile>
    <ClCompile Include="src\Implementations\Math\Component\Ellipse\Ellipse.cpp">
      <Filter>Implementations\Math\Component\Ellipse</Filter>
    </ClCompile>
    <ClCompile Include="src\Implementations\Math\Component\Component.cpp">
      <Filter>Implementations\Math\Component</Filter>
    </ClCompile>
    <ClCompile Include="src\Implementations\Math\Component\Rectangle\Rectangle.cpp">
      <Filter>Implementations\Math\Component\Rectangle</Filter>
    </ClCompile>
    <ClCompile Include="src\Implementations\Tables\TextureTable.cpp">
      <Filter>Implementations\Tables</Filter>
    </ClCompile>
    <ClCompile Include="src\Functions\Physics\Physics.cpp">
      <Filter>Functions\Physics</Filter>
    </ClCompile>
    <ClCompile Include="src\Implementations\Interface\Grid\Grid.cpp">
      <Filter>Implementations\Interface\Grid</Filter>
    </ClCompile>
    <ClCompile Include="src\Implementations\Interface\Map\Map.cpp">
      <Filter>Implementations\Interface\Map</Filter>
    </ClCompile>
    <ClCompile Include="src\Implementations\Tables\MusicTable.cpp">
      <Filter>Implementations\Tables</Filter>
    </ClCompile>
    <ClCompile Include="src\Functions\Math\Math.cpp">
      <Filter>Functions\Math</Filter>
    </ClCompile>
    <ClCompile Include="src\Functions\Game\Game.cpp">
      <Filter>Functions\Game</Filter>
    </ClCompile>
    <ClCompile Include="src\Implementations\Global\InputControl.cpp">
      <Filter>Implementations\Global</Filter>
    </ClCompile>
  </ItemGroup>
  <ItemGroup>
    <Filter Include="Headers">
      <UniqueIdentifier>{5337e873-82cc-41ee-929b-82a51dcafdf0}</UniqueIdentifier>
    </Filter>
    <Filter Include="Headers\Actor">
      <UniqueIdentifier>{3ad7ad12-4cfc-4997-b6d4-2ca6fb7bcf0d}</UniqueIdentifier>
    </Filter>
    <Filter Include="Headers\Global">
      <UniqueIdentifier>{a647cb72-ab5e-4c61-884c-63c69a1246c2}</UniqueIdentifier>
    </Filter>
    <Filter Include="Headers\Interface">
      <UniqueIdentifier>{14ec808c-73ff-4e1f-b16a-7a69e39ec720}</UniqueIdentifier>
    </Filter>
    <Filter Include="Headers\Scene">
      <UniqueIdentifier>{ccd2b08f-8857-40ef-9ac1-a57fade72d45}</UniqueIdentifier>
    </Filter>
    <Filter Include="Headers\Actor\Pawn">
      <UniqueIdentifier>{4b7e39dc-c268-4cfe-911d-49deae584c4c}</UniqueIdentifier>
    </Filter>
    <Filter Include="Headers\Actor\Pawn\Character">
      <UniqueIdentifier>{b08a535f-770d-434d-b363-847e07a13386}</UniqueIdentifier>
    </Filter>
    <Filter Include="Functions">
      <UniqueIdentifier>{282529b7-c0d7-404e-b129-0c0b6de60247}</UniqueIdentifier>
    </Filter>
    <Filter Include="Headers\Interface\Widget">
      <UniqueIdentifier>{0bca5e3c-16b0-4967-827f-41e3978d9c0d}</UniqueIdentifier>
    </Filter>
    <Filter Include="Headers\Interface\Widget\Scoreboard">
      <UniqueIdentifier>{6298dbc5-baac-42ac-a4d4-a5c703fcb96d}</UniqueIdentifier>
    </Filter>
    <Filter Include="Headers\Interface\Widget\Button">
      <UniqueIdentifier>{443044af-7d3e-4307-9e46-f39288cb2966}</UniqueIdentifier>
    </Filter>
    <Filter Include="Headers\Interface\Widget\Decoration">
      <UniqueIdentifier>{062126d3-e91e-4c33-80bb-c455dc4c97e1}</UniqueIdentifier>
    </Filter>
    <Filter Include="Implementations">
      <UniqueIdentifier>{f4644490-40bc-4a2a-9796-276c0bed37c5}</UniqueIdentifier>
    </Filter>
    <Filter Include="Implementations\Actor">
      <UniqueIdentifier>{aa8778fe-a884-44b8-84fd-4aebf07e9a07}</UniqueIdentifier>
    </Filter>
    <Filter Include="Implementations\Interface">
      <UniqueIdentifier>{72e50ccf-4fc0-4a5f-b9b8-b3956988a574}</UniqueIdentifier>
    </Filter>
    <Filter Include="Implementations\Interface\Widget">
      <UniqueIdentifier>{0649c72a-a3c3-4e90-aa3d-a650907268b8}</UniqueIdentifier>
    </Filter>
    <Filter Include="Implementations\Interface\Widget\Button">
      <UniqueIdentifier>{1b0a5bb8-a98d-423c-8ebb-3c93d3c79ca6}</UniqueIdentifier>
    </Filter>
    <Filter Include="Implementations\Interface\Widget\Scoreboard">
      <UniqueIdentifier>{1bd3b7b0-2880-4842-a4ec-80a7637cc706}</UniqueIdentifier>
    </Filter>
    <Filter Include="Implementations\Global">
      <UniqueIdentifier>{69279459-60a2-4219-bd91-dc4c1392eece}</UniqueIdentifier>
    </Filter>
    <Filter Include="Headers\Tables">
      <UniqueIdentifier>{bb58efc0-abcd-4e75-ae56-a380f01235c0}</UniqueIdentifier>
    </Filter>
    <Filter Include="Implementations\Tables">
      <UniqueIdentifier>{787df1ed-488f-42df-b83f-d1c9f4d1b5c5}</UniqueIdentifier>
    </Filter>
    <Filter Include="Headers\Flipbook">
      <UniqueIdentifier>{5a1d770d-839c-42ae-a571-a673d4a64bf4}</UniqueIdentifier>
    </Filter>
    <Filter Include="Implementations\Flipbook">
      <UniqueIdentifier>{602ca474-4e4a-4fa6-88ea-83419cc85cae}</UniqueIdentifier>
    </Filter>
    <Filter Include="Headers\Interface\DialogWindow">
      <UniqueIdentifier>{9079e281-5d47-49be-b187-d6e5c115bba4}</UniqueIdentifier>
    </Filter>
    <Filter Include="Headers\Interface\Widget\Bar">
      <UniqueIdentifier>{8286483f-d3d1-48ec-8546-f64e2df29f07}</UniqueIdentifier>
    </Filter>
    <Filter Include="Implementations\Interface\Widget\Bar">
      <UniqueIdentifier>{41a070cd-3e93-4206-ac3d-5787df20757f}</UniqueIdentifier>
    </Filter>
    <Filter Include="Functions\Math">
      <UniqueIdentifier>{7cfc7ee5-2829-4651-8048-baa9a6832e08}</UniqueIdentifier>
    </Filter>
    <Filter Include="Headers\Math">
      <UniqueIdentifier>{eb3b6f25-5188-4796-91e9-9ad5b87cfcbb}</UniqueIdentifier>
    </Filter>
    <Filter Include="Headers\Math\Component">
      <UniqueIdentifier>{04c3683a-24f9-43f1-a72a-70ca60577264}</UniqueIdentifier>
    </Filter>
    <Filter Include="Headers\Math\Component\Ellipse">
      <UniqueIdentifier>{1aeca9ee-27c2-47d4-b438-8e2d4c32072a}</UniqueIdentifier>
    </Filter>
    <Filter Include="Headers\Math\Component\Rectangle">
      <UniqueIdentifier>{11fba554-0ebe-4ab1-92c1-de3515e76fc5}</UniqueIdentifier>
    </Filter>
    <Filter Include="Implementations\Interface\Widget\Icon">
      <UniqueIdentifier>{beef79ce-07e0-4ed3-9534-e86e76b3d029}</UniqueIdentifier>
    </Filter>
    <Filter Include="Headers\Interface\Widget\Icon">
      <UniqueIdentifier>{e3df9bb7-cfad-4218-b94a-67f4a2a9d83a}</UniqueIdentifier>
    </Filter>
    <Filter Include="Headers\Interface\Menu">
      <UniqueIdentifier>{ebfaee2f-09d0-446b-a207-69202ad02971}</UniqueIdentifier>
    </Filter>
    <Filter Include="Implementations\Interface\Menu">
      <UniqueIdentifier>{567b8912-b601-4ba0-8849-bf5c3a9a71ec}</UniqueIdentifier>
    </Filter>
    <Filter Include="Headers\LuaScript">
      <UniqueIdentifier>{b738c8ab-8916-4794-83da-87b5684fb78e}</UniqueIdentifier>
    </Filter>
    <Filter Include="Implementations\LuaScript">
      <UniqueIdentifier>{1a3dd723-dd5b-4d1f-a2a6-910b2a2f29d5}</UniqueIdentifier>
    </Filter>
    <Filter Include="config">
      <UniqueIdentifier>{efcaa9ff-cb8a-40b7-87d0-74ad09544be5}</UniqueIdentifier>
    </Filter>
    <Filter Include="config\Tables">
      <UniqueIdentifier>{e7f66315-7de9-45ed-aa07-5ab1030c1d1d}</UniqueIdentifier>
    </Filter>
    <Filter Include="Implementations\Scene">
      <UniqueIdentifier>{7e5c7896-15c2-4fd2-8bea-d8703c700d55}</UniqueIdentifier>
    </Filter>
    <Filter Include="Implementations\Math">
      <UniqueIdentifier>{ddb9f2ec-7b81-490a-a800-85c2f3003ad8}</UniqueIdentifier>
    </Filter>
    <Filter Include="Implementations\Math\Component">
      <UniqueIdentifier>{c2833bd2-4ebe-4d2e-a6cf-6e6527ccf787}</UniqueIdentifier>
    </Filter>
    <Filter Include="Implementations\Math\Component\Ellipse">
      <UniqueIdentifier>{94db324f-549a-462e-8777-762e47c88a75}</UniqueIdentifier>
    </Filter>
    <Filter Include="Implementations\Math\Component\Rectangle">
      <UniqueIdentifier>{9ea9405f-bd98-4cc2-aebe-aa1fa3671835}</UniqueIdentifier>
    </Filter>
    <Filter Include="config\Levels">
      <UniqueIdentifier>{91c5db0d-c0b2-4c19-bf57-793363df3cfc}</UniqueIdentifier>
    </Filter>
    <Filter Include="Functions\Physics">
      <UniqueIdentifier>{2323ca53-d492-4bca-9503-8b286a642d32}</UniqueIdentifier>
    </Filter>
    <Filter Include="Headers\Interface\Grid">
      <UniqueIdentifier>{84ee7212-7af3-43a0-808f-31ba370f0d4c}</UniqueIdentifier>
    </Filter>
    <Filter Include="Implementations\Interface\Grid">
      <UniqueIdentifier>{e326fac7-66d2-4f85-9d95-cf39230ef294}</UniqueIdentifier>
    </Filter>
    <Filter Include="Headers\Interface\Map">
      <UniqueIdentifier>{b45034fe-0d3f-4706-97d2-fa4b13378dfd}</UniqueIdentifier>
    </Filter>
    <Filter Include="Implementations\Interface\Map">
      <UniqueIdentifier>{c773ce9c-39ef-4bfc-979c-242846796837}</UniqueIdentifier>
    </Filter>
    <Filter Include="Functions\Game">
      <UniqueIdentifier>{1582e590-c05e-4743-8027-65a06ac5a5f6}</UniqueIdentifier>
    </Filter>
  </ItemGroup>
  <ItemGroup>
    <ClInclude Include="src\Headers\Scene\Level.h">
      <Filter>Headers\Scene</Filter>
    </ClInclude>
    <ClInclude Include="src\Headers\Actor\Actor.h">
      <Filter>Headers\Actor</Filter>
    </ClInclude>
    <ClInclude Include="src\Headers\Actor\Pawn\Pawn.h">
      <Filter>Headers\Actor\Pawn</Filter>
    </ClInclude>
    <ClInclude Include="src\Headers\Actor\Pawn\Character\Character.h">
      <Filter>Headers\Actor\Pawn\Character</Filter>
    </ClInclude>
    <ClInclude Include="src\Headers\Interface\Widget\Scoreboard\Scoreboard.h">
      <Filter>Headers\Interface\Widget\Scoreboard</Filter>
    </ClInclude>
    <ClInclude Include="src\Headers\Interface\Widget\Widget.h">
      <Filter>Headers\Interface\Widget</Filter>
    </ClInclude>
    <ClInclude Include="src\Headers\Interface\Widget\Button\Button.h">
      <Filter>Headers\Interface\Widget\Button</Filter>
    </ClInclude>
    <ClInclude Include="src\Headers\Interface\Widget\Decoration\Decoration.h">
      <Filter>Headers\Interface\Widget\Decoration</Filter>
    </ClInclude>
    <ClInclude Include="src\Headers\Global\InputControl.h">
      <Filter>Headers\Global</Filter>
    </ClInclude>
    <ClInclude Include="src\Headers\Global\ViewControl.h">
      <Filter>Headers\Global</Filter>
    </ClInclude>
    <ClInclude Include="src\Headers\Global\WindowCorners.h">
      <Filter>Headers\Global</Filter>
    </ClInclude>
    <ClInclude Include="src\Headers\Flipbook\Flipbook.h">
      <Filter>Headers\Flipbook</Filter>
    </ClInclude>
    <ClInclude Include="src\Headers\Interface\DialogWindow\DialogWindow.h">
      <Filter>Headers\Interface\DialogWindow</Filter>
    </ClInclude>
    <ClInclude Include="src\Headers\Interface\Widget\Bar\Bar.h">
      <Filter>Headers\Interface\Widget\Bar</Filter>
    </ClInclude>
    <ClInclude Include="src\Headers\Constants.h">
      <Filter>Headers</Filter>
    </ClInclude>
    <ClInclude Include="src\Headers\Math\Component\Component.h">
      <Filter>Headers\Math\Component</Filter>
    </ClInclude>
    <ClInclude Include="src\Headers\Math\Component\Ellipse\Ellipse.h">
      <Filter>Headers\Math\Component\Ellipse</Filter>
    </ClInclude>
    <ClInclude Include="src\Headers\Math\Component\Rectangle\Rectangle.h">
      <Filter>Headers\Math\Component\Rectangle</Filter>
    </ClInclude>
    <ClInclude Include="src\Headers\Interface\Widget\Icon\Icon.h">
      <Filter>Headers\Interface\Widget\Icon</Filter>
    </ClInclude>
    <ClInclude Include="src\Headers\Interface\Menu\Menu.h">
      <Filter>Headers\Interface\Menu</Filter>
    </ClInclude>
    <ClInclude Include="src\Headers\Interface\Menu\MenuPage.h">
      <Filter>Headers\Interface\Menu</Filter>
    </ClInclude>
    <ClInclude Include="src\Headers\LuaScript\LuaScript.h">
      <Filter>Headers\LuaScript</Filter>
    </ClInclude>
    <ClInclude Include="src\Headers\Tables\TextureTable.h">
      <Filter>Headers\Tables</Filter>
    </ClInclude>
    <ClInclude Include="src\Headers\Tables\FontTable.h">
      <Filter>Headers\Tables</Filter>
    </ClInclude>
    <ClInclude Include="src\Functions\Physics\Physics.h">
      <Filter>Functions\Physics</Filter>
    </ClInclude>
    <ClInclude Include="src\Headers\Interface\Grid\Grid.h">
      <Filter>Headers\Interface\Grid</Filter>
    </ClInclude>
    <ClInclude Include="src\Headers\Interface\Map\Map.h">
      <Filter>Headers\Interface\Map</Filter>
    </ClInclude>
    <ClInclude Include="src\Headers\Tables\MusicTable.h">
      <Filter>Headers\Tables</Filter>
    </ClInclude>
    <ClInclude Include="src\Functions\Math\Math.h">
      <Filter>Functions\Math</Filter>
    </ClInclude>
    <ClInclude Include="src\Functions\Game\Game.h">
      <Filter>Functions\Game</Filter>
    </ClInclude>
  </ItemGroup>
  <ItemGroup>
    <None Include="config\Tables\Textures.lua">
      <Filter>config\Tables</Filter>
    </None>
    <None Include="config\Tables\Fonts.lua">
      <Filter>config\Tables</Filter>
    </None>
    <None Include="config\Tables\Music.Lua">
      <Filter>config\Tables</Filter>
    </None>
    <None Include="config\Levels\Level1.lua">
      <Filter>config\Levels</Filter>
    </None>
  </ItemGroup>
</Project>