<?xml version="1.0" encoding="utf-8"?>
<Project ToolsVersion="4.0" xmlns="http://schemas.microsoft.com/developer/msbuild/2003">
  <ItemGroup>
    <ClCompile Include="src\main.cpp" />
    <ClCompile Include="src\Functions\Distance.cpp">
      <Filter>Functions</Filter>
    </ClCompile>
    <ClCompile Include="src\Implementation\Interface\Widget\Widget.cpp">
      <Filter>Implementation\Interface\Widget</Filter>
    </ClCompile>
    <ClCompile Include="src\Implementation\Interface\Widget\Button\Button.cpp">
      <Filter>Implementation\Interface\Widget\Button</Filter>
    </ClCompile>
    <ClCompile Include="src\Implementation\Interface\Widget\Scoreboard\Scoreboard.cpp">
      <Filter>Implementation\Interface\Widget\Scoreboard</Filter>
    </ClCompile>
    <ClCompile Include="src\Implementation\Actor\Actor.cpp">
      <Filter>Implementation\Actor</Filter>
    </ClCompile>
  </ItemGroup>
  <ItemGroup>
    <Filter Include="Headers">
      <UniqueIdentifier>{5337e873-82cc-41ee-929b-82a51dcafdf0}</UniqueIdentifier>
    </Filter>
    <Filter Include="Headers\Actor">
      <UniqueIdentifier>{3ad7ad12-4cfc-4997-b6d4-2ca6fb7bcf0d}</UniqueIdentifier>
    </Filter>
    <Filter Include="Headers\Flipbook">
      <UniqueIdentifier>{5a1d770d-839c-42ae-a571-a673d4a64bf4}</UniqueIdentifier>
    </Filter>
    <Filter Include="Headers\Global">
      <UniqueIdentifier>{a647cb72-ab5e-4c61-884c-63c69a1246c2}</UniqueIdentifier>
    </Filter>
    <Filter Include="Headers\Interface">
      <UniqueIdentifier>{14ec808c-73ff-4e1f-b16a-7a69e39ec720}</UniqueIdentifier>
    </Filter>
    <Filter Include="Headers\Scene">
      <UniqueIdentifier>{ccd2b08f-8857-40ef-9ac1-a57fade72d45}</UniqueIdentifier>
    </Filter>
    <Filter Include="Headers\Actor\Pawn">
      <UniqueIdentifier>{4b7e39dc-c268-4cfe-911d-49deae584c4c}</UniqueIdentifier>
    </Filter>
    <Filter Include="Headers\Actor\Pawn\Character">
      <UniqueIdentifier>{b08a535f-770d-434d-b363-847e07a13386}</UniqueIdentifier>
    </Filter>
    <Filter Include="Functions">
      <UniqueIdentifier>{282529b7-c0d7-404e-b129-0c0b6de60247}</UniqueIdentifier>
    </Filter>
    <Filter Include="Implementation">
      <UniqueIdentifier>{f4644490-40bc-4a2a-9796-276c0bed37c5}</UniqueIdentifier>
    </Filter>
    <Filter Include="Implementation\Actor">
      <UniqueIdentifier>{aa8778fe-a884-44b8-84fd-4aebf07e9a07}</UniqueIdentifier>
    </Filter>
    <Filter Include="Headers\Interface\Widget">
      <UniqueIdentifier>{0bca5e3c-16b0-4967-827f-41e3978d9c0d}</UniqueIdentifier>
    </Filter>
    <Filter Include="Headers\Interface\Widget\Scoreboard">
      <UniqueIdentifier>{6298dbc5-baac-42ac-a4d4-a5c703fcb96d}</UniqueIdentifier>
    </Filter>
    <Filter Include="Headers\Interface\Widget\Button">
      <UniqueIdentifier>{443044af-7d3e-4307-9e46-f39288cb2966}</UniqueIdentifier>
    </Filter>
    <Filter Include="Headers\Interface\Widget\Decoration">
      <UniqueIdentifier>{062126d3-e91e-4c33-80bb-c455dc4c97e1}</UniqueIdentifier>
    </Filter>
    <Filter Include="Implementation\Interface">
      <UniqueIdentifier>{72e50ccf-4fc0-4a5f-b9b8-b3956988a574}</UniqueIdentifier>
    </Filter>
    <Filter Include="Implementation\Interface\Widget">
      <UniqueIdentifier>{0649c72a-a3c3-4e90-aa3d-a650907268b8}</UniqueIdentifier>
    </Filter>
    <Filter Include="Implementation\Interface\Widget\Button">
      <UniqueIdentifier>{1b0a5bb8-a98d-423c-8ebb-3c93d3c79ca6}</UniqueIdentifier>
    </Filter>
    <Filter Include="Implementation\Interface\Widget\Scoreboard">
      <UniqueIdentifier>{1bd3b7b0-2880-4842-a4ec-80a7637cc706}</UniqueIdentifier>
    </Filter>
  </ItemGroup>
  <ItemGroup>
    <ClInclude Include="src\Headers\Scene\Level.h">
      <Filter>Headers\Scene</Filter>
    </ClInclude>
    <ClInclude Include="src\Headers\Global\Control.h">
      <Filter>Headers\Global</Filter>
    </ClInclude>
    <ClInclude Include="src\Headers\Flipbook\Flipbook.h">
      <Filter>Headers\Flipbook</Filter>
    </ClInclude>
    <ClInclude Include="src\Headers\Actor\Actor.h">
      <Filter>Headers\Actor</Filter>
    </ClInclude>
    <ClInclude Include="src\Headers\Actor\Pawn\Pawn.h">
      <Filter>Headers\Actor\Pawn</Filter>
    </ClInclude>
    <ClInclude Include="src\Headers\Actor\Pawn\Character\Character.h">
      <Filter>Headers\Actor\Pawn\Character</Filter>
    </ClInclude>
    <ClInclude Include="src\Constants.h" />
    <ClInclude Include="src\Headers\Interface\Widget\Scoreboard\Scoreboard.h">
      <Filter>Headers\Interface\Widget\Scoreboard</Filter>
    </ClInclude>
    <ClInclude Include="src\Headers\Interface\Widget\Widget.h">
      <Filter>Headers\Interface\Widget</Filter>
    </ClInclude>
    <ClInclude Include="src\Headers\Interface\Widget\Button\Button.h">
      <Filter>Headers\Interface\Widget\Button</Filter>
    </ClInclude>
    <ClInclude Include="src\Headers\Interface\Widget\Decoration\Decoration.h">
      <Filter>Headers\Interface\Widget\Decoration</Filter>
    </ClInclude>
    <ClInclude Include="src\Functions\Functions.h">
      <Filter>Functions</Filter>
    </ClInclude>
  </ItemGroup>
</Project>